Microsoft Visual Studio Solution File, Format Version 11.00
# Visual Studio 2008

Project("{7B6581EE-3059-5C57-D613-32654CF30B0B}") = "proyecto", "Assembly-CSharp.csproj", "{6B82346C-FD76-F635-AD37-6E11D03FAA3A}"
EndProject
Global
	GlobalSection(SolutionConfigurationPlatforms) = preSolution
		Debug|Any CPU = Debug|Any CPU
		Release|Any CPU = Release|Any CPU
	EndGlobalSection
	GlobalSection(ProjectConfigurationPlatforms) = postSolution
		{6B82346C-FD76-F635-AD37-6E11D03FAA3A}.Debug|Any CPU.ActiveCfg = Debug|Any CPU
		{6B82346C-FD76-F635-AD37-6E11D03FAA3A}.Debug|Any CPU.Build.0 = Debug|Any CPU
		{6B82346C-FD76-F635-AD37-6E11D03FAA3A}.Release|Any CPU.ActiveCfg = Release|Any CPU
		{6B82346C-FD76-F635-AD37-6E11D03FAA3A}.Release|Any CPU.Build.0 = Release|Any CPU
	EndGlobalSection
	GlobalSection(SolutionProperties) = preSolution
		HideSolutionNode = FALSE
	EndGlobalSection
	GlobalSection(MonoDevelopProperties) = preSolution
		StartupItem = Assembly-CSharp.csproj
	EndGlobalSection
EndGlobal
